
Microsoft Visual Studio Solution File, Format Version 12.00
# Visual Studio 15
VisualStudioVersion = 15.0.28307.1231
MinimumVisualStudioVersion = 10.0.40219.1
Project("{FAE04EC0-301F-11D3-BF4B-00C04F79EFBC}") = "Employee", "Employee\Employee.csproj", "{7E35DC87-F653-4D40-9D00-C50241E6EE56}"
EndProject
Global
	GlobalSection(SolutionConfigurationPlatforms) = preSolution
		Debug|Any CPU = Debug|Any CPU
		Release|Any CPU = Release|Any CPU
	EndGlobalSection
	GlobalSection(ProjectConfigurationPlatforms) = postSolution
		{7E35DC87-F653-4D40-9D00-C50241E6EE56}.Debug|Any CPU.ActiveCfg = Debug|Any CPU
		{7E35DC87-F653-4D40-9D00-C50241E6EE56}.Debug|Any CPU.Build.0 = Debug|Any CPU
		{7E35DC87-F653-4D40-9D00-C50241E6EE56}.Release|Any CPU.ActiveCfg = Release|Any CPU
		{7E35DC87-F653-4D40-9D00-C50241E6EE56}.Release|Any CPU.Build.0 = Release|Any CPU
	EndGlobalSection
	GlobalSection(SolutionProperties) = preSolution
		HideSolutionNode = FALSE
	EndGlobalSection
	GlobalSection(ExtensibilityGlobals) = postSolution
		SolutionGuid = {47F6FFEC-7B33-4A7B-9198-6D7002E7DCC3}
	EndGlobalSection
EndGlobal
