
Microsoft Visual Studio Solution File, Format Version 12.00
# Visual Studio 15
VisualStudioVersion = 15.0.28307.1231
MinimumVisualStudioVersion = 10.0.40219.1
Project("{FAE04EC0-301F-11D3-BF4B-00C04F79EFBC}") = "testingIenumerable", "testingIenumerable\testingIenumerable.csproj", "{DA5972C3-CB87-4AD9-8593-5680BBA4D6BC}"
EndProject
Global
	GlobalSection(SolutionConfigurationPlatforms) = preSolution
		Debug|Any CPU = Debug|Any CPU
		Release|Any CPU = Release|Any CPU
	EndGlobalSection
	GlobalSection(ProjectConfigurationPlatforms) = postSolution
		{DA5972C3-CB87-4AD9-8593-5680BBA4D6BC}.Debug|Any CPU.ActiveCfg = Debug|Any CPU
		{DA5972C3-CB87-4AD9-8593-5680BBA4D6BC}.Debug|Any CPU.Build.0 = Debug|Any CPU
		{DA5972C3-CB87-4AD9-8593-5680BBA4D6BC}.Release|Any CPU.ActiveCfg = Release|Any CPU
		{DA5972C3-CB87-4AD9-8593-5680BBA4D6BC}.Release|Any CPU.Build.0 = Release|Any CPU
	EndGlobalSection
	GlobalSection(SolutionProperties) = preSolution
		HideSolutionNode = FALSE
	EndGlobalSection
	GlobalSection(ExtensibilityGlobals) = postSolution
		SolutionGuid = {9F20F93B-FD27-4CA1-AA9C-C4FE96966B8F}
	EndGlobalSection
EndGlobal
